// !$*UTF8*$!
{
	archiveVersion = 1;
	classes = {
	};
	objectVersion = 77;
	objects = {

/* Begin PBXContainerItemProxy section */
		CA73E7312CC8111900C73E21 /* PBXContainerItemProxy */ = {
			isa = PBXContainerItemProxy;
			containerPortal = CA73E7182CC8111700C73E21 /* Project object */;
			proxyType = 1;
			remoteGlobalIDString = CA73E71F2CC8111700C73E21;
			remoteInfo = SimpleBrowser;
		};
		CA73E73B2CC8111900C73E21 /* PBXContainerItemProxy */ = {
			isa = PBXContainerItemProxy;
			containerPortal = CA73E7182CC8111700C73E21 /* Project object */;
			proxyType = 1;
			remoteGlobalIDString = CA73E71F2CC8111700C73E21;
			remoteInfo = SimpleBrowser;
		};
/* End PBXContainerItemProxy section */

/* Begin PBXFileReference section */
		CA73E7202CC8111700C73E21 /* SimpleBrowser.app */ = {isa = PBXFileReference; explicitFileType = wrapper.application; includeInIndex = 0; path = SimpleBrowser.app; sourceTree = BUILT_PRODUCTS_DIR; };
		CA73E7302CC8111900C73E21 /* SimpleBrowserTests.xctest */ = {isa = PBXFileReference; explicitFileType = wrapper.cfbundle; includeInIndex = 0; path = SimpleBrowserTests.xctest; sourceTree = BUILT_PRODUCTS_DIR; };
		CA73E73A2CC8111900C73E21 /* SimpleBrowserUITests.xctest */ = {isa = PBXFileReference; explicitFileType = wrapper.cfbundle; includeInIndex = 0; path = SimpleBrowserUITests.xctest; sourceTree = BUILT_PRODUCTS_DIR; };
/* End PBXFileReference section */

/* Begin PBXFileSystemSynchronizedRootGroup section */
		CA73E7222CC8111700C73E21 /* SimpleBrowser */ = {
			isa = PBXFileSystemSynchronizedRootGroup;
			path = SimpleBrowser;
			sourceTree = "<group>";
		};
		CA73E7332CC8111900C73E21 /* SimpleBrowserTests */ = {
			isa = PBXFileSystemSynchronizedRootGroup;
			path = SimpleBrowserTests;
			sourceTree = "<group>";
		};
		CA73E73D2CC8111900C73E21 /* SimpleBrowserUITests */ = {
			isa = PBXFileSystemSynchronizedRootGroup;
			path = SimpleBrowserUITests;
			sourceTree = "<group>";
		};
/* End PBXFileSystemSynchronizedRootGroup section */

/* Begin PBXFrameworksBuildPhase section */
		CA73E71D2CC8111700C73E21 /* Frameworks */ = {
			isa = PBXFrameworksBuildPhase;
			buildActionMask = 2147483647;
			files = (
			);
			runOnlyForDeploymentPostprocessing = 0;
		};
		CA73E72D2CC8111900C73E21 /* Frameworks */ = {
			isa = PBXFrameworksBuildPhase;
			buildActionMask = 2147483647;
			files = (
			);
			runOnlyForDeploymentPostprocessing = 0;
		};
		CA73E7372CC8111900C73E21 /* Frameworks */ = {
			isa = PBXFrameworksBuildPhase;
			buildActionMask = 2147483647;
			files = (
			);
			runOnlyForDeploymentPostprocessing = 0;
		};
/* End PBXFrameworksBuildPhase section */

/* Begin PBXGroup section */
		CA73E7172CC8111700C73E21 = {
			isa = PBXGroup;
			children = (
				CA73E7222CC8111700C73E21 /* SimpleBrowser */,
				CA73E7332CC8111900C73E21 /* SimpleBrowserTests */,
				CA73E73D2CC8111900C73E21 /* SimpleBrowserUITests */,
				CA73E7212CC8111700C73E21 /* Products */,
			);
			sourceTree = "<group>";
		};
		CA73E7212CC8111700C73E21 /* Products */ = {
			isa = PBXGroup;
			children = (
				CA73E7202CC8111700C73E21 /* SimpleBrowser.app */,
				CA73E7302CC8111900C73E21 /* SimpleBrowserTests.xctest */,
				CA73E73A2CC8111900C73E21 /* SimpleBrowserUITests.xctest */,
			);
			name = Products;
			sourceTree = "<group>";
		};
/* End PBXGroup section */

/* Begin PBXNativeTarget section */
		CA73E71F2CC8111700C73E21 /* SimpleBrowser */ = {
			isa = PBXNativeTarget;
			buildConfigurationList = CA73E7442CC8111900C73E21 /* Build configuration list for PBXNativeTarget "SimpleBrowser" */;
			buildPhases = (
				CA73E71C2CC8111700C73E21 /* Sources */,
				CA73E71D2CC8111700C73E21 /* Frameworks */,
				CA73E71E2CC8111700C73E21 /* Resources */,
			);
			buildRules = (
			);
			dependencies = (
			);
			fileSystemSynchronizedGroups = (
				CA73E7222CC8111700C73E21 /* SimpleBrowser */,
			);
			name = SimpleBrowser;
			packageProductDependencies = (
			);
			productName = SimpleBrowser;
			productReference = CA73E7202CC8111700C73E21 /* SimpleBrowser.app */;
			productType = "com.apple.product-type.application";
		};
		CA73E72F2CC8111900C73E21 /* SimpleBrowserTests */ = {
			isa = PBXNativeTarget;
			buildConfigurationList = CA73E7472CC8111900C73E21 /* Build configuration list for PBXNativeTarget "SimpleBrowserTests" */;
			buildPhases = (
				CA73E72C2CC8111900C73E21 /* Sources */,
				CA73E72D2CC8111900C73E21 /* Frameworks */,
				CA73E72E2CC8111900C73E21 /* Resources */,
			);
			buildRules = (
			);
			dependencies = (
				CA73E7322CC8111900C73E21 /* PBXTargetDependency */,
			);
			fileSystemSynchronizedGroups = (
				CA73E7332CC8111900C73E21 /* SimpleBrowserTests */,
			);
			name = SimpleBrowserTests;
			packageProductDependencies = (
			);
			productName = SimpleBrowserTests;
			productReference = CA73E7302CC8111900C73E21 /* SimpleBrowserTests.xctest */;
			productType = "com.apple.product-type.bundle.unit-test";
		};
		CA73E7392CC8111900C73E21 /* SimpleBrowserUITests */ = {
			isa = PBXNativeTarget;
			buildConfigurationList = CA73E74A2CC8111900C73E21 /* Build configuration list for PBXNativeTarget "SimpleBrowserUITests" */;
			buildPhases = (
				CA73E7362CC8111900C73E21 /* Sources */,
				CA73E7372CC8111900C73E21 /* Frameworks */,
				CA73E7382CC8111900C73E21 /* Resources */,
			);
			buildRules = (
			);
			dependencies = (
				CA73E73C2CC8111900C73E21 /* PBXTargetDependency */,
			);
			fileSystemSynchronizedGroups = (
				CA73E73D2CC8111900C73E21 /* SimpleBrowserUITests */,
			);
			name = SimpleBrowserUITests;
			packageProductDependencies = (
			);
			productName = SimpleBrowserUITests;
			productReference = CA73E73A2CC8111900C73E21 /* SimpleBrowserUITests.xctest */;
			productType = "com.apple.product-type.bundle.ui-testing";
		};
/* End PBXNativeTarget section */

/* Begin PBXProject section */
		CA73E7182CC8111700C73E21 /* Project object */ = {
			isa = PBXProject;
			attributes = {
				BuildIndependentTargetsInParallel = 1;
				LastSwiftUpdateCheck = 1600;
				LastUpgradeCheck = 1600;
				TargetAttributes = {
					CA73E71F2CC8111700C73E21 = {
						CreatedOnToolsVersion = 16.0;
					};
					CA73E72F2CC8111900C73E21 = {
						CreatedOnToolsVersion = 16.0;
						TestTargetID = CA73E71F2CC8111700C73E21;
					};
					CA73E7392CC8111900C73E21 = {
						CreatedOnToolsVersion = 16.0;
						TestTargetID = CA73E71F2CC8111700C73E21;
					};
				};
			};
			buildConfigurationList = CA73E71B2CC8111700C73E21 /* Build configuration list for PBXProject "SimpleBrowser" */;
			developmentRegion = en;
			hasScannedForEncodings = 0;
			knownRegions = (
				en,
				Base,
			);
			mainGroup = CA73E7172CC8111700C73E21;
			minimizedProjectReferenceProxies = 1;
			preferredProjectObjectVersion = 77;
			productRefGroup = CA73E7212CC8111700C73E21 /* Products */;
			projectDirPath = "";
			projectRoot = "";
			targets = (
				CA73E71F2CC8111700C73E21 /* SimpleBrowser */,
				CA73E72F2CC8111900C73E21 /* SimpleBrowserTests */,
				CA73E7392CC8111900C73E21 /* SimpleBrowserUITests */,
			);
		};
/* End PBXProject section */

/* Begin PBXResourcesBuildPhase section */
		CA73E71E2CC8111700C73E21 /* Resources */ = {
			isa = PBXResourcesBuildPhase;
			buildActionMask = 2147483647;
			files = (
			);
			runOnlyForDeploymentPostprocessing = 0;
		};
		CA73E72E2CC8111900C73E21 /* Resources */ = {
			isa = PBXResourcesBuildPhase;
			buildActionMask = 2147483647;
			files = (
			);
			runOnlyForDeploymentPostprocessing = 0;
		};
		CA73E7382CC8111900C73E21 /* Resources */ = {
			isa = PBXResourcesBuildPhase;
			buildActionMask = 2147483647;
			files = (
			);
			runOnlyForDeploymentPostprocessing = 0;
		};
/* End PBXResourcesBuildPhase section */

/* Begin PBXSourcesBuildPhase section */
		CA73E71C2CC8111700C73E21 /* Sources */ = {
			isa = PBXSourcesBuildPhase;
			buildActionMask = 2147483647;
			files = (
			);
			runOnlyForDeploymentPostprocessing = 0;
		};
		CA73E72C2CC8111900C73E21 /* Sources */ = {
			isa = PBXSourcesBuildPhase;
			buildActionMask = 2147483647;
			files = (
			);
			runOnlyForDeploymentPostprocessing = 0;
		};
		CA73E7362CC8111900C73E21 /* Sources */ = {
			isa = PBXSourcesBuildPhase;
			buildActionMask = 2147483647;
			files = (
			);
			runOnlyForDeploymentPostprocessing = 0;
		};
/* End PBXSourcesBuildPhase section */

/* Begin PBXTargetDependency section */
		CA73E7322CC8111900C73E21 /* PBXTargetDependency */ = {
			isa = PBXTargetDependency;
			target = CA73E71F2CC8111700C73E21 /* SimpleBrowser */;
			targetProxy = CA73E7312CC8111900C73E21 /* PBXContainerItemProxy */;
		};
		CA73E73C2CC8111900C73E21 /* PBXTargetDependency */ = {
			isa = PBXTargetDependency;
			target = CA73E71F2CC8111700C73E21 /* SimpleBrowser */;
			targetProxy = CA73E73B2CC8111900C73E21 /* PBXContainerItemProxy */;
		};
/* End PBXTargetDependency section */

/* Begin XCBuildConfiguration section */
		CA73E7422CC8111900C73E21 /* Debug */ = {
			isa = XCBuildConfiguration;
			buildSettings = {
				ALWAYS_SEARCH_USER_PATHS = NO;
				ASSETCATALOG_COMPILER_GENERATE_SWIFT_ASSET_SYMBOL_EXTENSIONS = YES;
				CLANG_ANALYZER_NONNULL = YES;
				CLANG_ANALYZER_NUMBER_OBJECT_CONVERSION = YES_AGGRESSIVE;
				CLANG_CXX_LANGUAGE_STANDARD = "gnu++20";
				CLANG_ENABLE_MODULES = YES;
				CLANG_ENABLE_OBJC_ARC = YES;
				CLANG_ENABLE_OBJC_WEAK = YES;
				CLANG_WARN_BLOCK_CAPTURE_AUTORELEASING = YES;
				CLANG_WARN_BOOL_CONVERSION = YES;
				CLANG_WARN_COMMA = YES;
				CLANG_WARN_CONSTANT_CONVERSION = YES;
				CLANG_WARN_DEPRECATED_OBJC_IMPLEMENTATIONS = YES;
				CLANG_WARN_DIRECT_OBJC_ISA_USAGE = YES_ERROR;
				CLANG_WARN_DOCUMENTATION_COMMENTS = YES;
				CLANG_WARN_EMPTY_BODY = YES;
				CLANG_WARN_ENUM_CONVERSION = YES;
				CLANG_WARN_INFINITE_RECURSION = YES;
				CLANG_WARN_INT_CONVERSION = YES;
				CLANG_WARN_NON_LITERAL_NULL_CONVERSION = YES;
				CLANG_WARN_OBJC_IMPLICIT_RETAIN_SELF = YES;
				CLANG_WARN_OBJC_LITERAL_CONVERSION = YES;
				CLANG_WARN_OBJC_ROOT_CLASS = YES_ERROR;
				CLANG_WARN_QUOTED_INCLUDE_IN_FRAMEWORK_HEADER = YES;
				CLANG_WARN_RANGE_LOOP_ANALYSIS = YES;
				CLANG_WARN_STRICT_PROTOTYPES = YES;
				CLANG_WARN_SUSPICIOUS_MOVE = YES;
				CLANG_WARN_UNGUARDED_AVAILABILITY = YES_AGGRESSIVE;
				CLANG_WARN_UNREACHABLE_CODE = YES;
				CLANG_WARN__DUPLICATE_METHOD_MATCH = YES;
				COPY_PHASE_STRIP = NO;
				DEBUG_INFORMATION_FORMAT = dwarf;
				ENABLE_STRICT_OBJC_MSGSEND = YES;
				ENABLE_TESTABILITY = YES;
				ENABLE_USER_SCRIPT_SANDBOXING = YES;
				GCC_C_LANGUAGE_STANDARD = gnu17;
				GCC_DYNAMIC_NO_PIC = NO;
				GCC_NO_COMMON_BLOCKS = YES;
				GCC_OPTIMIZATION_LEVEL = 0;
				GCC_PREPROCESSOR_DEFINITIONS = (
					"DEBUG=1",
					"$(inherited)",
				);
				GCC_WARN_64_TO_32_BIT_CONVERSION = YES;
				GCC_WARN_ABOUT_RETURN_TYPE = YES_ERROR;
				GCC_WARN_UNDECLARED_SELECTOR = YES;
				GCC_WARN_UNINITIALIZED_AUTOS = YES_AGGRESSIVE;
				GCC_WARN_UNUSED_FUNCTION = YES;
				GCC_WARN_UNUSED_VARIABLE = YES;
				IPHONEOS_DEPLOYMENT_TARGET = 18.0;
				LOCALIZATION_PREFERS_STRING_CATALOGS = YES;
				MTL_ENABLE_DEBUG_INFO = INCLUDE_SOURCE;
				MTL_FAST_MATH = YES;
				ONLY_ACTIVE_ARCH = YES;
				SDKROOT = iphoneos;
				SWIFT_ACTIVE_COMPILATION_CONDITIONS = "DEBUG $(inherited)";
				SWIFT_OPTIMIZATION_LEVEL = "-Onone";
			};
			name = Debug;
		};
		CA73E7432CC8111900C73E21 /* Release */ = {
			isa = XCBuildConfiguration;
			buildSettings = {
				ALWAYS_SEARCH_USER_PATHS = NO;
				ASSETCATALOG_COMPILER_GENERATE_SWIFT_ASSET_SYMBOL_EXTENSIONS = YES;
				CLANG_ANALYZER_NONNULL = YES;
				CLANG_ANALYZER_NUMBER_OBJECT_CONVERSION = YES_AGGRESSIVE;
				CLANG_CXX_LANGUAGE_STANDARD = "gnu++20";
				CLANG_ENABLE_MODULES = YES;
				CLANG_ENABLE_OBJC_ARC = YES;
				CLANG_ENABLE_OBJC_WEAK = YES;
				CLANG_WARN_BLOCK_CAPTURE_AUTORELEASING = YES;
				CLANG_WARN_BOOL_CONVERSION = YES;
				CLANG_WARN_COMMA = YES;
				CLANG_WARN_CONSTANT_CONVERSION = YES;
				CLANG_WARN_DEPRECATED_OBJC_IMPLEMENTATIONS = YES;
				CLANG_WARN_DIRECT_OBJC_ISA_USAGE = YES_ERROR;
				CLANG_WARN_DOCUMENTATION_COMMENTS = YES;
				CLANG_WARN_EMPTY_BODY = YES;
				CLANG_WARN_ENUM_CONVERSION = YES;
				CLANG_WARN_INFINITE_RECURSION = YES;
				CLANG_WARN_INT_CONVERSION = YES;
				CLANG_WARN_NON_LITERAL_NULL_CONVERSION = YES;
				CLANG_WARN_OBJC_IMPLICIT_RETAIN_SELF = YES;
				CLANG_WARN_OBJC_LITERAL_CONVERSION = YES;
				CLANG_WARN_OBJC_ROOT_CLASS = YES_ERROR;
				CLANG_WARN_QUOTED_INCLUDE_IN_FRAMEWORK_HEADER = YES;
				CLANG_WARN_RANGE_LOOP_ANALYSIS = YES;
				CLANG_WARN_STRICT_PROTOTYPES = YES;
				CLANG_WARN_SUSPICIOUS_MOVE = YES;
				CLANG_WARN_UNGUARDED_AVAILABILITY = YES_AGGRESSIVE;
				CLANG_WARN_UNREACHABLE_CODE = YES;
				CLANG_WARN__DUPLICATE_METHOD_MATCH = YES;
				COPY_PHASE_STRIP = NO;
				DEBUG_INFORMATION_FORMAT = "dwarf-with-dsym";
				ENABLE_NS_ASSERTIONS = NO;
				ENABLE_STRICT_OBJC_MSGSEND = YES;
				ENABLE_USER_SCRIPT_SANDBOXING = YES;
				GCC_C_LANGUAGE_STANDARD = gnu17;
				GCC_NO_COMMON_BLOCKS = YES;
				GCC_WARN_64_TO_32_BIT_CONVERSION = YES;
				GCC_WARN_ABOUT_RETURN_TYPE = YES_ERROR;
				GCC_WARN_UNDECLARED_SELECTOR = YES;
				GCC_WARN_UNINITIALIZED_AUTOS = YES_AGGRESSIVE;
				GCC_WARN_UNUSED_FUNCTION = YES;
				GCC_WARN_UNUSED_VARIABLE = YES;
				IPHONEOS_DEPLOYMENT_TARGET = 18.0;
				LOCALIZATION_PREFERS_STRING_CATALOGS = YES;
				MTL_ENABLE_DEBUG_INFO = NO;
				MTL_FAST_MATH = YES;
				SDKROOT = iphoneos;
				SWIFT_COMPILATION_MODE = wholemodule;
				VALIDATE_PRODUCT = YES;
			};
			name = Release;
		};
		CA73E7452CC8111900C73E21 /* Debug */ = {
			isa = XCBuildConfiguration;
			buildSettings = {
				ASSETCATALOG_COMPILER_APPICON_NAME = AppIcon;
				ASSETCATALOG_COMPILER_GLOBAL_ACCENT_COLOR_NAME = AccentColor;
				CODE_SIGN_STYLE = Automatic;
				CURRENT_PROJECT_VERSION = 1;
				DEVELOPMENT_ASSET_PATHS = "\"SimpleBrowser/Preview Content\"";
				ENABLE_PREVIEWS = YES;
				GENERATE_INFOPLIST_FILE = YES;
				INFOPLIST_KEY_UIApplicationSceneManifest_Generation = YES;
				INFOPLIST_KEY_UIApplicationSupportsIndirectInputEvents = YES;
				INFOPLIST_KEY_UILaunchScreen_Generation = YES;
				INFOPLIST_KEY_UISupportedInterfaceOrientations_iPad = "UIInterfaceOrientationPortrait UIInterfaceOrientationPortraitUpsideDown UIInterfaceOrientationLandscapeLeft UIInterfaceOrientationLandscapeRight";
				INFOPLIST_KEY_UISupportedInterfaceOrientations_iPhone = "UIInterfaceOrientationPortrait UIInterfaceOrientationLandscapeLeft UIInterfaceOrientationLandscapeRight";
				LD_RUNPATH_SEARCH_PATHS = (
					"$(inherited)",
					"@executable_path/Frameworks",
				);
				MARKETING_VERSION = 1.0;
				PRODUCT_BUNDLE_IDENTIFIER = net.cmuis.67443.SimpleBrowser;
				PRODUCT_NAME = "$(TARGET_NAME)";
				SWIFT_EMIT_LOC_STRINGS = YES;
				SWIFT_VERSION = 5.0;
				TARGETED_DEVICE_FAMILY = "1,2";
			};
			name = Debug;
		};
		CA73E7462CC8111900C73E21 /* Release */ = {
			isa = XCBuildConfiguration;
			buildSettings = {
				ASSETCATALOG_COMPILER_APPICON_NAME = AppIcon;
				ASSETCATALOG_COMPILER_GLOBAL_ACCENT_COLOR_NAME = AccentColor;
				CODE_SIGN_STYLE = Automatic;
				CURRENT_PROJECT_VERSION = 1;
				DEVELOPMENT_ASSET_PATHS = "\"SimpleBrowser/Preview Content\"";
				ENABLE_PREVIEWS = YES;
				GENERATE_INFOPLIST_FILE = YES;
				INFOPLIST_KEY_UIApplicationSceneManifest_Generation = YES;
				INFOPLIST_KEY_UIApplicationSupportsIndirectInputEvents = YES;
				INFOPLIST_KEY_UILaunchScreen_Generation = YES;
				INFOPLIST_KEY_UISupportedInterfaceOrientations_iPad = "UIInterfaceOrientationPortrait UIInterfaceOrientationPortraitUpsideDown UIInterfaceOrientationLandscapeLeft UIInterfaceOrientationLandscapeRight";
				INFOPLIST_KEY_UISupportedInterfaceOrientations_iPhone = "UIInterfaceOrientationPortrait UIInterfaceOrientationLandscapeLeft UIInterfaceOrientationLandscapeRight";
				LD_RUNPATH_SEARCH_PATHS = (
					"$(inherited)",
					"@executable_path/Frameworks",
				);
				MARKETING_VERSION = 1.0;
				PRODUCT_BUNDLE_IDENTIFIER = net.cmuis.67443.SimpleBrowser;
				PRODUCT_NAME = "$(TARGET_NAME)";
				SWIFT_EMIT_LOC_STRINGS = YES;
				SWIFT_VERSION = 5.0;
				TARGETED_DEVICE_FAMILY = "1,2";
			};
			name = Release;
		};
		CA73E7482CC8111900C73E21 /* Debug */ = {
			isa = XCBuildConfiguration;
			buildSettings = {
				BUNDLE_LOADER = "$(TEST_HOST)";
				CODE_SIGN_STYLE = Automatic;
				CURRENT_PROJECT_VERSION = 1;
				GENERATE_INFOPLIST_FILE = YES;
				IPHONEOS_DEPLOYMENT_TARGET = 18.0;
				MARKETING_VERSION = 1.0;
				PRODUCT_BUNDLE_IDENTIFIER = net.cmuis.67443.SimpleBrowserTests;
				PRODUCT_NAME = "$(TARGET_NAME)";
				SWIFT_EMIT_LOC_STRINGS = NO;
				SWIFT_VERSION = 5.0;
				TARGETED_DEVICE_FAMILY = "1,2";
				TEST_HOST = "$(BUILT_PRODUCTS_DIR)/SimpleBrowser.app/$(BUNDLE_EXECUTABLE_FOLDER_PATH)/SimpleBrowser";
			};
			name = Debug;
		};
		CA73E7492CC8111900C73E21 /* Release */ = {
			isa = XCBuildConfiguration;
			buildSettings = {
				BUNDLE_LOADER = "$(TEST_HOST)";
				CODE_SIGN_STYLE = Automatic;
				CURRENT_PROJECT_VERSION = 1;
				GENERATE_INFOPLIST_FILE = YES;
				IPHONEOS_DEPLOYMENT_TARGET = 18.0;
				MARKETING_VERSION = 1.0;
				PRODUCT_BUNDLE_IDENTIFIER = net.cmuis.67443.SimpleBrowserTests;
				PRODUCT_NAME = "$(TARGET_NAME)";
				SWIFT_EMIT_LOC_STRINGS = NO;
				SWIFT_VERSION = 5.0;
				TARGETED_DEVICE_FAMILY = "1,2";
				TEST_HOST = "$(BUILT_PRODUCTS_DIR)/SimpleBrowser.app/$(BUNDLE_EXECUTABLE_FOLDER_PATH)/SimpleBrowser";
			};
			name = Release;
		};
		CA73E74B2CC8111900C73E21 /* Debug */ = {
			isa = XCBuildConfiguration;
			buildSettings = {
				CODE_SIGN_STYLE = Automatic;
				CURRENT_PROJECT_VERSION = 1;
				GENERATE_INFOPLIST_FILE = YES;
				MARKETING_VERSION = 1.0;
				PRODUCT_BUNDLE_IDENTIFIER = net.cmuis.67443.SimpleBrowserUITests;
				PRODUCT_NAME = "$(TARGET_NAME)";
				SWIFT_EMIT_LOC_STRINGS = NO;
				SWIFT_VERSION = 5.0;
				TARGETED_DEVICE_FAMILY = "1,2";
				TEST_TARGET_NAME = SimpleBrowser;
			};
			name = Debug;
		};
		CA73E74C2CC8111900C73E21 /* Release */ = {
			isa = XCBuildConfiguration;
			buildSettings = {
				CODE_SIGN_STYLE = Automatic;
				CURRENT_PROJECT_VERSION = 1;
				GENERATE_INFOPLIST_FILE = YES;
				MARKETING_VERSION = 1.0;
				PRODUCT_BUNDLE_IDENTIFIER = net.cmuis.67443.SimpleBrowserUITests;
				PRODUCT_NAME = "$(TARGET_NAME)";
				SWIFT_EMIT_LOC_STRINGS = NO;
				SWIFT_VERSION = 5.0;
				TARGETED_DEVICE_FAMILY = "1,2";
				TEST_TARGET_NAME = SimpleBrowser;
			};
			name = Release;
		};
/* End XCBuildConfiguration section */

/* Begin XCConfigurationList section */
		CA73E71B2CC8111700C73E21 /* Build configuration list for PBXProject "SimpleBrowser" */ = {
			isa = XCConfigurationList;
			buildConfigurations = (
				CA73E7422CC8111900C73E21 /* Debug */,
				CA73E7432CC8111900C73E21 /* Release */,
			);
			defaultConfigurationIsVisible = 0;
			defaultConfigurationName = Release;
		};
		CA73E7442CC8111900C73E21 /* Build configuration list for PBXNativeTarget "SimpleBrowser" */ = {
			isa = XCConfigurationList;
			buildConfigurations = (
				CA73E7452CC8111900C73E21 /* Debug */,
				CA73E7462CC8111900C73E21 /* Release */,
			);
			defaultConfigurationIsVisible = 0;
			defaultConfigurationName = Release;
		};
		CA73E7472CC8111900C73E21 /* Build configuration list for PBXNativeTarget "SimpleBrowserTests" */ = {
			isa = XCConfigurationList;
			buildConfigurations = (
				CA73E7482CC8111900C73E21 /* Debug */,
				CA73E7492CC8111900C73E21 /* Release */,
			);
			defaultConfigurationIsVisible = 0;
			defaultConfigurationName = Release;
		};
		CA73E74A2CC8111900C73E21 /* Build configuration list for PBXNativeTarget "SimpleBrowserUITests" */ = {
			isa = XCConfigurationList;
			buildConfigurations = (
				CA73E74B2CC8111900C73E21 /* Debug */,
				CA73E74C2CC8111900C73E21 /* Release */,
			);
			defaultConfigurationIsVisible = 0;
			defaultConfigurationName = Release;
		};
/* End XCConfigurationList section */
	};
	rootObject = CA73E7182CC8111700C73E21 /* Project object */;
}
